// !$*UTF8*$!
{
	archiveVersion = 1;
	classes = {
	};
	objectVersion = 46;
	objects = {

/* Begin PBXBuildFile section */
		74AC9DC31CD9D24E003C9797 /* AppDelegate.swift in Sources */ = {isa = PBXBuildFile; fileRef = 74AC9DC21CD9D24E003C9797 /* AppDelegate.swift */; };
		74AC9DC81CD9D24E003C9797 /* Main.storyboard in Resources */ = {isa = PBXBuildFile; fileRef = 74AC9DC61CD9D24E003C9797 /* Main.storyboard */; };
		74AC9DCA1CD9D24E003C9797 /* Assets.xcassets in Resources */ = {isa = PBXBuildFile; fileRef = 74AC9DC91CD9D24E003C9797 /* Assets.xcassets */; };
		74AC9DCD1CD9D24E003C9797 /* LaunchScreen.storyboard in Resources */ = {isa = PBXBuildFile; fileRef = 74AC9DCB1CD9D24E003C9797 /* LaunchScreen.storyboard */; };
		74AC9DD81CD9D24E003C9797 /* iQuizTests.swift in Sources */ = {isa = PBXBuildFile; fileRef = 74AC9DD71CD9D24E003C9797 /* iQuizTests.swift */; };
		74AC9DE31CD9D24E003C9797 /* iQuizUITests.swift in Sources */ = {isa = PBXBuildFile; fileRef = 74AC9DE21CD9D24E003C9797 /* iQuizUITests.swift */; };
		74AC9DF91CDA5DA4003C9797 /* ViewController.swift in Sources */ = {isa = PBXBuildFile; fileRef = 74AC9DF81CDA5DA4003C9797 /* ViewController.swift */; };
		74AC9DFF1CDB037B003C9797 /* TableViewCell.swift in Sources */ = {isa = PBXBuildFile; fileRef = 74AC9DFE1CDB037B003C9797 /* TableViewCell.swift */; };
/* End PBXBuildFile section */

/* Begin PBXContainerItemProxy section */
		74AC9DD41CD9D24E003C9797 /* PBXContainerItemProxy */ = {
			isa = PBXContainerItemProxy;
			containerPortal = 74AC9DB71CD9D24E003C9797 /* Project object */;
			proxyType = 1;
			remoteGlobalIDString = 74AC9DBE1CD9D24E003C9797;
			remoteInfo = iQuiz;
		};
		74AC9DDF1CD9D24E003C9797 /* PBXContainerItemProxy */ = {
			isa = PBXContainerItemProxy;
			containerPortal = 74AC9DB71CD9D24E003C9797 /* Project object */;
			proxyType = 1;
			remoteGlobalIDString = 74AC9DBE1CD9D24E003C9797;
			remoteInfo = iQuiz;
		};
/* End PBXContainerItemProxy section */

/* Begin PBXFileReference section */
		74AC9DBF1CD9D24E003C9797 /* iQuiz.app */ = {isa = PBXFileReference; explicitFileType = wrapper.application; includeInIndex = 0; path = iQuiz.app; sourceTree = BUILT_PRODUCTS_DIR; };
		74AC9DC21CD9D24E003C9797 /* AppDelegate.swift */ = {isa = PBXFileReference; lastKnownFileType = sourcecode.swift; path = AppDelegate.swift; sourceTree = "<group>"; };
		74AC9DC71CD9D24E003C9797 /* Base */ = {isa = PBXFileReference; lastKnownFileType = file.storyboard; name = Base; path = Base.lproj/Main.storyboard; sourceTree = "<group>"; };
		74AC9DC91CD9D24E003C9797 /* Assets.xcassets */ = {isa = PBXFileReference; lastKnownFileType = folder.assetcatalog; path = Assets.xcassets; sourceTree = "<group>"; };
		74AC9DCC1CD9D24E003C9797 /* Base */ = {isa = PBXFileReference; lastKnownFileType = file.storyboard; name = Base; path = Base.lproj/LaunchScreen.storyboard; sourceTree = "<group>"; };
		74AC9DCE1CD9D24E003C9797 /* Info.plist */ = {isa = PBXFileReference; lastKnownFileType = text.plist.xml; path = Info.plist; sourceTree = "<group>"; };
		74AC9DD31CD9D24E003C9797 /* iQuizTests.xctest */ = {isa = PBXFileReference; explicitFileType = wrapper.cfbundle; includeInIndex = 0; path = iQuizTests.xctest; sourceTree = BUILT_PRODUCTS_DIR; };
		74AC9DD71CD9D24E003C9797 /* iQuizTests.swift */ = {isa = PBXFileReference; lastKnownFileType = sourcecode.swift; path = iQuizTests.swift; sourceTree = "<group>"; };
		74AC9DD91CD9D24E003C9797 /* Info.plist */ = {isa = PBXFileReference; lastKnownFileType = text.plist.xml; path = Info.plist; sourceTree = "<group>"; };
		74AC9DDE1CD9D24E003C9797 /* iQuizUITests.xctest */ = {isa = PBXFileReference; explicitFileType = wrapper.cfbundle; includeInIndex = 0; path = iQuizUITests.xctest; sourceTree = BUILT_PRODUCTS_DIR; };
		74AC9DE21CD9D24E003C9797 /* iQuizUITests.swift */ = {isa = PBXFileReference; lastKnownFileType = sourcecode.swift; path = iQuizUITests.swift; sourceTree = "<group>"; };
		74AC9DE41CD9D24E003C9797 /* Info.plist */ = {isa = PBXFileReference; lastKnownFileType = text.plist.xml; path = Info.plist; sourceTree = "<group>"; };
		74AC9DF81CDA5DA4003C9797 /* ViewController.swift */ = {isa = PBXFileReference; fileEncoding = 4; lastKnownFileType = sourcecode.swift; path = ViewController.swift; sourceTree = "<group>"; };
		74AC9DFE1CDB037B003C9797 /* TableViewCell.swift */ = {isa = PBXFileReference; fileEncoding = 4; lastKnownFileType = sourcecode.swift; path = TableViewCell.swift; sourceTree = "<group>"; };
/* End PBXFileReference section */

/* Begin PBXFrameworksBuildPhase section */
		74AC9DBC1CD9D24E003C9797 /* Frameworks */ = {
			isa = PBXFrameworksBuildPhase;
			buildActionMask = 2147483647;
			files = (
			);
			runOnlyForDeploymentPostprocessing = 0;
		};
		74AC9DD01CD9D24E003C9797 /* Frameworks */ = {
			isa = PBXFrameworksBuildPhase;
			buildActionMask = 2147483647;
			files = (
			);
			runOnlyForDeploymentPostprocessing = 0;
		};
		74AC9DDB1CD9D24E003C9797 /* Frameworks */ = {
			isa = PBXFrameworksBuildPhase;
			buildActionMask = 2147483647;
			files = (
			);
			runOnlyForDeploymentPostprocessing = 0;
		};
/* End PBXFrameworksBuildPhase section */

/* Begin PBXGroup section */
		74AC9DB61CD9D24E003C9797 = {
			isa = PBXGroup;
			children = (
				74AC9DC11CD9D24E003C9797 /* iQuiz */,
				74AC9DD61CD9D24E003C9797 /* iQuizTests */,
				74AC9DE11CD9D24E003C9797 /* iQuizUITests */,
				74AC9DC01CD9D24E003C9797 /* Products */,
			);
			sourceTree = "<group>";
		};
		74AC9DC01CD9D24E003C9797 /* Products */ = {
			isa = PBXGroup;
			children = (
				74AC9DBF1CD9D24E003C9797 /* iQuiz.app */,
				74AC9DD31CD9D24E003C9797 /* iQuizTests.xctest */,
				74AC9DDE1CD9D24E003C9797 /* iQuizUITests.xctest */,
			);
			name = Products;
			sourceTree = "<group>";
		};
		74AC9DC11CD9D24E003C9797 /* iQuiz */ = {
			isa = PBXGroup;
			children = (
				74AC9DC21CD9D24E003C9797 /* AppDelegate.swift */,
				74AC9DF81CDA5DA4003C9797 /* ViewController.swift */,
				74AC9DFE1CDB037B003C9797 /* TableViewCell.swift */,
				74AC9DC61CD9D24E003C9797 /* Main.storyboard */,
				74AC9DC91CD9D24E003C9797 /* Assets.xcassets */,
				74AC9DCB1CD9D24E003C9797 /* LaunchScreen.storyboard */,
				74AC9DCE1CD9D24E003C9797 /* Info.plist */,
			);
			path = iQuiz;
			sourceTree = "<group>";
		};
		74AC9DD61CD9D24E003C9797 /* iQuizTests */ = {
			isa = PBXGroup;
			children = (
				74AC9DD71CD9D24E003C9797 /* iQuizTests.swift */,
				74AC9DD91CD9D24E003C9797 /* Info.plist */,
			);
			path = iQuizTests;
			sourceTree = "<group>";
		};
		74AC9DE11CD9D24E003C9797 /* iQuizUITests */ = {
			isa = PBXGroup;
			children = (
				74AC9DE21CD9D24E003C9797 /* iQuizUITests.swift */,
				74AC9DE41CD9D24E003C9797 /* Info.plist */,
			);
			path = iQuizUITests;
			sourceTree = "<group>";
		};
/* End PBXGroup section */

/* Begin PBXNativeTarget section */
		74AC9DBE1CD9D24E003C9797 /* iQuiz */ = {
			isa = PBXNativeTarget;
			buildConfigurationList = 74AC9DE71CD9D24E003C9797 /* Build configuration list for PBXNativeTarget "iQuiz" */;
			buildPhases = (
				74AC9DBB1CD9D24E003C9797 /* Sources */,
				74AC9DBC1CD9D24E003C9797 /* Frameworks */,
				74AC9DBD1CD9D24E003C9797 /* Resources */,
			);
			buildRules = (
			);
			dependencies = (
			);
			name = iQuiz;
			productName = iQuiz;
			productReference = 74AC9DBF1CD9D24E003C9797 /* iQuiz.app */;
			productType = "com.apple.product-type.application";
		};
		74AC9DD21CD9D24E003C9797 /* iQuizTests */ = {
			isa = PBXNativeTarget;
			buildConfigurationList = 74AC9DEA1CD9D24E003C9797 /* Build configuration list for PBXNativeTarget "iQuizTests" */;
			buildPhases = (
				74AC9DCF1CD9D24E003C9797 /* Sources */,
				74AC9DD01CD9D24E003C9797 /* Frameworks */,
				74AC9DD11CD9D24E003C9797 /* Resources */,
			);
			buildRules = (
			);
			dependencies = (
				74AC9DD51CD9D24E003C9797 /* PBXTargetDependency */,
			);
			name = iQuizTests;
			productName = iQuizTests;
			productReference = 74AC9DD31CD9D24E003C9797 /* iQuizTests.xctest */;
			productType = "com.apple.product-type.bundle.unit-test";
		};
		74AC9DDD1CD9D24E003C9797 /* iQuizUITests */ = {
			isa = PBXNativeTarget;
			buildConfigurationList = 74AC9DED1CD9D24E003C9797 /* Build configuration list for PBXNativeTarget "iQuizUITests" */;
			buildPhases = (
				74AC9DDA1CD9D24E003C9797 /* Sources */,
				74AC9DDB1CD9D24E003C9797 /* Frameworks */,
				74AC9DDC1CD9D24E003C9797 /* Resources */,
			);
			buildRules = (
			);
			dependencies = (
				74AC9DE01CD9D24E003C9797 /* PBXTargetDependency */,
			);
			name = iQuizUITests;
			productName = iQuizUITests;
			productReference = 74AC9DDE1CD9D24E003C9797 /* iQuizUITests.xctest */;
			productType = "com.apple.product-type.bundle.ui-testing";
		};
/* End PBXNativeTarget section */

/* Begin PBXProject section */
		74AC9DB71CD9D24E003C9797 /* Project object */ = {
			isa = PBXProject;
			attributes = {
				LastSwiftUpdateCheck = 0730;
				LastUpgradeCheck = 0730;
				ORGANIZATIONNAME = "MyungJin Eun";
				TargetAttributes = {
					74AC9DBE1CD9D24E003C9797 = {
						CreatedOnToolsVersion = 7.3;
						DevelopmentTeam = 5NR7E8MTLW;
					};
					74AC9DD21CD9D24E003C9797 = {
						CreatedOnToolsVersion = 7.3;
						DevelopmentTeam = 5NR7E8MTLW;
						TestTargetID = 74AC9DBE1CD9D24E003C9797;
					};
					74AC9DDD1CD9D24E003C9797 = {
						CreatedOnToolsVersion = 7.3;
						DevelopmentTeam = 5NR7E8MTLW;
						TestTargetID = 74AC9DBE1CD9D24E003C9797;
					};
				};
			};
			buildConfigurationList = 74AC9DBA1CD9D24E003C9797 /* Build configuration list for PBXProject "iQuiz" */;
			compatibilityVersion = "Xcode 3.2";
			developmentRegion = English;
			hasScannedForEncodings = 0;
			knownRegions = (
				en,
				Base,
			);
			mainGroup = 74AC9DB61CD9D24E003C9797;
			productRefGroup = 74AC9DC01CD9D24E003C9797 /* Products */;
			projectDirPath = "";
			projectRoot = "";
			targets = (
				74AC9DBE1CD9D24E003C9797 /* iQuiz */,
				74AC9DD21CD9D24E003C9797 /* iQuizTests */,
				74AC9DDD1CD9D24E003C9797 /* iQuizUITests */,
			);
		};
/* End PBXProject section */

/* Begin PBXResourcesBuildPhase section */
		74AC9DBD1CD9D24E003C9797 /* Resources */ = {
			isa = PBXResourcesBuildPhase;
			buildActionMask = 2147483647;
			files = (
				74AC9DCD1CD9D24E003C9797 /* LaunchScreen.storyboard in Resources */,
				74AC9DCA1CD9D24E003C9797 /* Assets.xcassets in Resources */,
				74AC9DC81CD9D24E003C9797 /* Main.storyboard in Resources */,
			);
			runOnlyForDeploymentPostprocessing = 0;
		};
		74AC9DD11CD9D24E003C9797 /* Resources */ = {
			isa = PBXResourcesBuildPhase;
			buildActionMask = 2147483647;
			files = (
			);
			runOnlyForDeploymentPostprocessing = 0;
		};
		74AC9DDC1CD9D24E003C9797 /* Resources */ = {
			isa = PBXResourcesBuildPhase;
			buildActionMask = 2147483647;
			files = (
			);
			runOnlyForDeploymentPostprocessing = 0;
		};
/* End PBXResourcesBuildPhase section */

/* Begin PBXSourcesBuildPhase section */
		74AC9DBB1CD9D24E003C9797 /* Sources */ = {
			isa = PBXSourcesBuildPhase;
			buildActionMask = 2147483647;
			files = (
				74AC9DFF1CDB037B003C9797 /* TableViewCell.swift in Sources */,
				74AC9DC31CD9D24E003C9797 /* AppDelegate.swift in Sources */,
				74AC9DF91CDA5DA4003C9797 /* ViewController.swift in Sources */,
			);
			runOnlyForDeploymentPostprocessing = 0;
		};
		74AC9DCF1CD9D24E003C9797 /* Sources */ = {
			isa = PBXSourcesBuildPhase;
			buildActionMask = 2147483647;
			files = (
				74AC9DD81CD9D24E003C9797 /* iQuizTests.swift in Sources */,
			);
			runOnlyForDeploymentPostprocessing = 0;
		};
		74AC9DDA1CD9D24E003C9797 /* Sources */ = {
			isa = PBXSourcesBuildPhase;
			buildActionMask = 2147483647;
			files = (
				74AC9DE31CD9D24E003C9797 /* iQuizUITests.swift in Sources */,
			);
			runOnlyForDeploymentPostprocessing = 0;
		};
/* End PBXSourcesBuildPhase section */

/* Begin PBXTargetDependency section */
		74AC9DD51CD9D24E003C9797 /* PBXTargetDependency */ = {
			isa = PBXTargetDependency;
			target = 74AC9DBE1CD9D24E003C9797 /* iQuiz */;
			targetProxy = 74AC9DD41CD9D24E003C9797 /* PBXContainerItemProxy */;
		};
		74AC9DE01CD9D24E003C9797 /* PBXTargetDependency */ = {
			isa = PBXTargetDependency;
			target = 74AC9DBE1CD9D24E003C9797 /* iQuiz */;
			targetProxy = 74AC9DDF1CD9D24E003C9797 /* PBXContainerItemProxy */;
		};
/* End PBXTargetDependency section */

/* Begin PBXVariantGroup section */
		74AC9DC61CD9D24E003C9797 /* Main.storyboard */ = {
			isa = PBXVariantGroup;
			children = (
				74AC9DC71CD9D24E003C9797 /* Base */,
			);
			name = Main.storyboard;
			sourceTree = "<group>";
		};
		74AC9DCB1CD9D24E003C9797 /* LaunchScreen.storyboard */ = {
			isa = PBXVariantGroup;
			children = (
				74AC9DCC1CD9D24E003C9797 /* Base */,
			);
			name = LaunchScreen.storyboard;
			sourceTree = "<group>";
		};
/* End PBXVariantGroup section */

/* Begin XCBuildConfiguration section */
		74AC9DE51CD9D24E003C9797 /* Debug */ = {
			isa = XCBuildConfiguration;
			buildSettings = {
				ALWAYS_SEARCH_USER_PATHS = NO;
				CLANG_ANALYZER_NONNULL = YES;
				CLANG_CXX_LANGUAGE_STANDARD = "gnu++0x";
				CLANG_CXX_LIBRARY = "libc++";
				CLANG_ENABLE_MODULES = YES;
				CLANG_ENABLE_OBJC_ARC = YES;
				CLANG_WARN_BOOL_CONVERSION = YES;
				CLANG_WARN_CONSTANT_CONVERSION = YES;
				CLANG_WARN_DIRECT_OBJC_ISA_USAGE = YES_ERROR;
				CLANG_WARN_EMPTY_BODY = YES;
				CLANG_WARN_ENUM_CONVERSION = YES;
				CLANG_WARN_INT_CONVERSION = YES;
				CLANG_WARN_OBJC_ROOT_CLASS = YES_ERROR;
				CLANG_WARN_UNREACHABLE_CODE = YES;
				CLANG_WARN__DUPLICATE_METHOD_MATCH = YES;
				"CODE_SIGN_IDENTITY[sdk=iphoneos*]" = "iPhone Developer";
				COPY_PHASE_STRIP = NO;
				DEBUG_INFORMATION_FORMAT = dwarf;
				ENABLE_STRICT_OBJC_MSGSEND = YES;
				ENABLE_TESTABILITY = YES;
				GCC_C_LANGUAGE_STANDARD = gnu99;
				GCC_DYNAMIC_NO_PIC = NO;
				GCC_NO_COMMON_BLOCKS = YES;
				GCC_OPTIMIZATION_LEVEL = 0;
				GCC_PREPROCESSOR_DEFINITIONS = (
					"DEBUG=1",
					"$(inherited)",
				);
				GCC_WARN_64_TO_32_BIT_CONVERSION = YES;
				GCC_WARN_ABOUT_RETURN_TYPE = YES_ERROR;
				GCC_WARN_UNDECLARED_SELECTOR = YES;
				GCC_WARN_UNINITIALIZED_AUTOS = YES_AGGRESSIVE;
				GCC_WARN_UNUSED_FUNCTION = YES;
				GCC_WARN_UNUSED_VARIABLE = YES;
				IPHONEOS_DEPLOYMENT_TARGET = 9.3;
				MTL_ENABLE_DEBUG_INFO = YES;
				ONLY_ACTIVE_ARCH = YES;
				SDKROOT = iphoneos;
				SWIFT_OPTIMIZATION_LEVEL = "-Onone";
			};
			name = Debug;
		};
		74AC9DE61CD9D24E003C9797 /* Release */ = {
			isa = XCBuildConfiguration;
			buildSettings = {
				ALWAYS_SEARCH_USER_PATHS = NO;
				CLANG_ANALYZER_NONNULL = YES;
				CLANG_CXX_LANGUAGE_STANDARD = "gnu++0x";
				CLANG_CXX_LIBRARY = "libc++";
				CLANG_ENABLE_MODULES = YES;
				CLANG_ENABLE_OBJC_ARC = YES;
				CLANG_WARN_BOOL_CONVERSION = YES;
				CLANG_WARN_CONSTANT_CONVERSION = YES;
				CLANG_WARN_DIRECT_OBJC_ISA_USAGE = YES_ERROR;
				CLANG_WARN_EMPTY_BODY = YES;
				CLANG_WARN_ENUM_CONVERSION = YES;
				CLANG_WARN_INT_CONVERSION = YES;
				CLANG_WARN_OBJC_ROOT_CLASS = YES_ERROR;
				CLANG_WARN_UNREACHABLE_CODE = YES;
				CLANG_WARN__DUPLICATE_METHOD_MATCH = YES;
				"CODE_SIGN_IDENTITY[sdk=iphoneos*]" = "iPhone Developer";
				COPY_PHASE_STRIP = NO;
				DEBUG_INFORMATION_FORMAT = "dwarf-with-dsym";
				ENABLE_NS_ASSERTIONS = NO;
				ENABLE_STRICT_OBJC_MSGSEND = YES;
				GCC_C_LANGUAGE_STANDARD = gnu99;
				GCC_NO_COMMON_BLOCKS = YES;
				GCC_WARN_64_TO_32_BIT_CONVERSION = YES;
				GCC_WARN_ABOUT_RETURN_TYPE = YES_ERROR;
				GCC_WARN_UNDECLARED_SELECTOR = YES;
				GCC_WARN_UNINITIALIZED_AUTOS = YES_AGGRESSIVE;
				GCC_WARN_UNUSED_FUNCTION = YES;
				GCC_WARN_UNUSED_VARIABLE = YES;
				IPHONEOS_DEPLOYMENT_TARGET = 9.3;
				MTL_ENABLE_DEBUG_INFO = NO;
				SDKROOT = iphoneos;
				VALIDATE_PRODUCT = YES;
			};
			name = Release;
		};
		74AC9DE81CD9D24E003C9797 /* Debug */ = {
			isa = XCBuildConfiguration;
			buildSettings = {
				ASSETCATALOG_COMPILER_APPICON_NAME = AppIcon;
				INFOPLIST_FILE = iQuiz/Info.plist;
				LD_RUNPATH_SEARCH_PATHS = "$(inherited) @executable_path/Frameworks";
				PRODUCT_BUNDLE_IDENTIFIER = edu.uw.ischool.iQuiz;
				PRODUCT_NAME = "$(TARGET_NAME)";
			};
			name = Debug;
		};
		74AC9DE91CD9D24E003C9797 /* Release */ = {
			isa = XCBuildConfiguration;
			buildSettings = {
				ASSETCATALOG_COMPILER_APPICON_NAME = AppIcon;
				INFOPLIST_FILE = iQuiz/Info.plist;
				LD_RUNPATH_SEARCH_PATHS = "$(inherited) @executable_path/Frameworks";
				PRODUCT_BUNDLE_IDENTIFIER = edu.uw.ischool.iQuiz;
				PRODUCT_NAME = "$(TARGET_NAME)";
			};
			name = Release;
		};
		74AC9DEB1CD9D24E003C9797 /* Debug */ = {
			isa = XCBuildConfiguration;
			buildSettings = {
				BUNDLE_LOADER = "$(TEST_HOST)";
				INFOPLIST_FILE = iQuizTests/Info.plist;
				LD_RUNPATH_SEARCH_PATHS = "$(inherited) @executable_path/Frameworks @loader_path/Frameworks";
				PRODUCT_BUNDLE_IDENTIFIER = edu.uw.ischool.iQuizTests;
				PRODUCT_NAME = "$(TARGET_NAME)";
				TEST_HOST = "$(BUILT_PRODUCTS_DIR)/iQuiz.app/iQuiz";
			};
			name = Debug;
		};
		74AC9DEC1CD9D24E003C9797 /* Release */ = {
			isa = XCBuildConfiguration;
			buildSettings = {
				BUNDLE_LOADER = "$(TEST_HOST)";
				INFOPLIST_FILE = iQuizTests/Info.plist;
				LD_RUNPATH_SEARCH_PATHS = "$(inherited) @executable_path/Frameworks @loader_path/Frameworks";
				PRODUCT_BUNDLE_IDENTIFIER = edu.uw.ischool.iQuizTests;
				PRODUCT_NAME = "$(TARGET_NAME)";
				TEST_HOST = "$(BUILT_PRODUCTS_DIR)/iQuiz.app/iQuiz";
			};
			name = Release;
		};
		74AC9DEE1CD9D24E003C9797 /* Debug */ = {
			isa = XCBuildConfiguration;
			buildSettings = {
				INFOPLIST_FILE = iQuizUITests/Info.plist;
				LD_RUNPATH_SEARCH_PATHS = "$(inherited) @executable_path/Frameworks @loader_path/Frameworks";
				PRODUCT_BUNDLE_IDENTIFIER = edu.uw.ischool.iQuizUITests;
				PRODUCT_NAME = "$(TARGET_NAME)";
				TEST_TARGET_NAME = iQuiz;
			};
			name = Debug;
		};
		74AC9DEF1CD9D24E003C9797 /* Release */ = {
			isa = XCBuildConfiguration;
			buildSettings = {
				INFOPLIST_FILE = iQuizUITests/Info.plist;
				LD_RUNPATH_SEARCH_PATHS = "$(inherited) @executable_path/Frameworks @loader_path/Frameworks";
				PRODUCT_BUNDLE_IDENTIFIER = edu.uw.ischool.iQuizUITests;
				PRODUCT_NAME = "$(TARGET_NAME)";
				TEST_TARGET_NAME = iQuiz;
			};
			name = Release;
		};
/* End XCBuildConfiguration section */

/* Begin XCConfigurationList section */
		74AC9DBA1CD9D24E003C9797 /* Build configuration list for PBXProject "iQuiz" */ = {
			isa = XCConfigurationList;
			buildConfigurations = (
				74AC9DE51CD9D24E003C9797 /* Debug */,
				74AC9DE61CD9D24E003C9797 /* Release */,
			);
			defaultConfigurationIsVisible = 0;
			defaultConfigurationName = Release;
		};
		74AC9DE71CD9D24E003C9797 /* Build configuration list for PBXNativeTarget "iQuiz" */ = {
			isa = XCConfigurationList;
			buildConfigurations = (
				74AC9DE81CD9D24E003C9797 /* Debug */,
				74AC9DE91CD9D24E003C9797 /* Release */,
			);
			defaultConfigurationIsVisible = 0;
		};
		74AC9DEA1CD9D24E003C9797 /* Build configuration list for PBXNativeTarget "iQuizTests" */ = {
			isa = XCConfigurationList;
			buildConfigurations = (
				74AC9DEB1CD9D24E003C9797 /* Debug */,
				74AC9DEC1CD9D24E003C9797 /* Release */,
			);
			defaultConfigurationIsVisible = 0;
		};
		74AC9DED1CD9D24E003C9797 /* Build configuration list for PBXNativeTarget "iQuizUITests" */ = {
			isa = XCConfigurationList;
			buildConfigurations = (
				74AC9DEE1CD9D24E003C9797 /* Debug */,
				74AC9DEF1CD9D24E003C9797 /* Release */,
			);
			defaultConfigurationIsVisible = 0;
		};
/* End XCConfigurationList section */
	};
	rootObject = 74AC9DB71CD9D24E003C9797 /* Project object */;
}
